// !$*UTF8*$!
{
	archiveVersion = 1;
	classes = {
	};
	objectVersion = 50;
	objects = {

/* Begin PBXBuildFile section */
		9C19D3AB2487589A005F64E8 /* ViewController.swift in Sources */ = {isa = PBXBuildFile; fileRef = 9C19D3AA2487589A005F64E8 /* ViewController.swift */; };
		9C19D3AE2487589A005F64E8 /* Main.storyboard in Resources */ = {isa = PBXBuildFile; fileRef = 9C19D3AC2487589A005F64E8 /* Main.storyboard */; };
		9C19D3B02487589B005F64E8 /* Assets.xcassets in Resources */ = {isa = PBXBuildFile; fileRef = 9C19D3AF2487589B005F64E8 /* Assets.xcassets */; };
		9C19D3B32487589B005F64E8 /* LaunchScreen.storyboard in Resources */ = {isa = PBXBuildFile; fileRef = 9C19D3B12487589B005F64E8 /* LaunchScreen.storyboard */; };
		9C19D3BE2487DDAB005F64E8 /* AppDelegate.swift in Sources */ = {isa = PBXBuildFile; fileRef = 9C19D3BD2487DDAB005F64E8 /* AppDelegate.swift */; };
		9C19D3C02487DDB2005F64E8 /* SceneDelegate.swift in Sources */ = {isa = PBXBuildFile; fileRef = 9C19D3BF2487DDB2005F64E8 /* SceneDelegate.swift */; };
		9CA4532B248879EE00FA35A7 /* Card.swift in Sources */ = {isa = PBXBuildFile; fileRef = 9CA4532A248879EE00FA35A7 /* Card.swift */; };
		9CA4532D248879FB00FA35A7 /* SetGame.swift in Sources */ = {isa = PBXBuildFile; fileRef = 9CA4532C248879FB00FA35A7 /* SetGame.swift */; };
/* End PBXBuildFile section */

/* Begin PBXFileReference section */
		9C19D3A32487589A005F64E8 /* Set.app */ = {isa = PBXFileReference; explicitFileType = wrapper.application; includeInIndex = 0; path = Set.app; sourceTree = BUILT_PRODUCTS_DIR; };
		9C19D3AA2487589A005F64E8 /* ViewController.swift */ = {isa = PBXFileReference; lastKnownFileType = sourcecode.swift; path = ViewController.swift; sourceTree = "<group>"; };
		9C19D3AD2487589A005F64E8 /* Base */ = {isa = PBXFileReference; lastKnownFileType = file.storyboard; name = Base; path = Base.lproj/Main.storyboard; sourceTree = "<group>"; };
		9C19D3AF2487589B005F64E8 /* Assets.xcassets */ = {isa = PBXFileReference; lastKnownFileType = folder.assetcatalog; path = Assets.xcassets; sourceTree = "<group>"; };
		9C19D3B22487589B005F64E8 /* Base */ = {isa = PBXFileReference; lastKnownFileType = file.storyboard; name = Base; path = Base.lproj/LaunchScreen.storyboard; sourceTree = "<group>"; };
		9C19D3B42487589B005F64E8 /* Info.plist */ = {isa = PBXFileReference; lastKnownFileType = text.plist.xml; path = Info.plist; sourceTree = "<group>"; };
		9C19D3BD2487DDAB005F64E8 /* AppDelegate.swift */ = {isa = PBXFileReference; fileEncoding = 4; lastKnownFileType = sourcecode.swift; name = AppDelegate.swift; path = ../../../../../.Trash/AppDelegate.swift; sourceTree = "<group>"; };
		9C19D3BF2487DDB2005F64E8 /* SceneDelegate.swift */ = {isa = PBXFileReference; fileEncoding = 4; lastKnownFileType = sourcecode.swift; name = SceneDelegate.swift; path = ../../../../../.Trash/SceneDelegate.swift; sourceTree = "<group>"; };
		9CA4532A248879EE00FA35A7 /* Card.swift */ = {isa = PBXFileReference; lastKnownFileType = sourcecode.swift; path = Card.swift; sourceTree = "<group>"; };
		9CA4532C248879FB00FA35A7 /* SetGame.swift */ = {isa = PBXFileReference; lastKnownFileType = sourcecode.swift; path = SetGame.swift; sourceTree = "<group>"; };
/* End PBXFileReference section */

/* Begin PBXFrameworksBuildPhase section */
		9C19D3A02487589A005F64E8 /* Frameworks */ = {
			isa = PBXFrameworksBuildPhase;
			buildActionMask = 2147483647;
			files = (
			);
			runOnlyForDeploymentPostprocessing = 0;
		};
/* End PBXFrameworksBuildPhase section */

/* Begin PBXGroup section */
		9C19D39A2487589A005F64E8 = {
			isa = PBXGroup;
			children = (
				9C19D3A52487589A005F64E8 /* Set */,
				9C19D3A42487589A005F64E8 /* Products */,
			);
			sourceTree = "<group>";
		};
		9C19D3A42487589A005F64E8 /* Products */ = {
			isa = PBXGroup;
			children = (
				9C19D3A32487589A005F64E8 /* Set.app */,
			);
			name = Products;
			sourceTree = "<group>";
		};
		9C19D3A52487589A005F64E8 /* Set */ = {
			isa = PBXGroup;
			children = (
				9CA4532F24887A2300FA35A7 /* views */,
				9C19D3BF2487DDB2005F64E8 /* SceneDelegate.swift */,
				9C19D3BD2487DDAB005F64E8 /* AppDelegate.swift */,
				9C19D3BC2487D88C005F64E8 /* models */,
				9C19D3BA2487D86C005F64E8 /* controllers */,
				9C19D3AF2487589B005F64E8 /* Assets.xcassets */,
				9C19D3B12487589B005F64E8 /* LaunchScreen.storyboard */,
				9C19D3B42487589B005F64E8 /* Info.plist */,
			);
			path = Set;
			sourceTree = "<group>";
		};
		9C19D3BA2487D86C005F64E8 /* controllers */ = {
			isa = PBXGroup;
			children = (
				9C19D3AA2487589A005F64E8 /* ViewController.swift */,
			);
			path = controllers;
			sourceTree = "<group>";
		};
		9C19D3BC2487D88C005F64E8 /* models */ = {
			isa = PBXGroup;
			children = (
				9CA4532A248879EE00FA35A7 /* Card.swift */,
				9CA4532C248879FB00FA35A7 /* SetGame.swift */,
			);
			path = models;
			sourceTree = "<group>";
		};
		9CA4532F24887A2300FA35A7 /* views */ = {
			isa = PBXGroup;
			children = (
				9C19D3AC2487589A005F64E8 /* Main.storyboard */,
			);
			path = views;
			sourceTree = "<group>";
		};
/* End PBXGroup section */

/* Begin PBXNativeTarget section */
		9C19D3A22487589A005F64E8 /* Set */ = {
			isa = PBXNativeTarget;
			buildConfigurationList = 9C19D3B72487589B005F64E8 /* Build configuration list for PBXNativeTarget "Set" */;
			buildPhases = (
				9C19D39F2487589A005F64E8 /* Sources */,
				9C19D3A02487589A005F64E8 /* Frameworks */,
				9C19D3A12487589A005F64E8 /* Resources */,
			);
			buildRules = (
			);
			dependencies = (
			);
			name = Set;
			productName = Set;
			productReference = 9C19D3A32487589A005F64E8 /* Set.app */;
			productType = "com.apple.product-type.application";
		};
/* End PBXNativeTarget section */

/* Begin PBXProject section */
		9C19D39B2487589A005F64E8 /* Project object */ = {
			isa = PBXProject;
			attributes = {
				LastSwiftUpdateCheck = 1140;
				LastUpgradeCheck = 1140;
				ORGANIZATIONNAME = "Rustam-Deniz";
				TargetAttributes = {
					9C19D3A22487589A005F64E8 = {
						CreatedOnToolsVersion = 11.4.1;
					};
				};
			};
			buildConfigurationList = 9C19D39E2487589A005F64E8 /* Build configuration list for PBXProject "Set" */;
			compatibilityVersion = "Xcode 9.3";
			developmentRegion = en;
			hasScannedForEncodings = 0;
			knownRegions = (
				en,
				Base,
			);
			mainGroup = 9C19D39A2487589A005F64E8;
			productRefGroup = 9C19D3A42487589A005F64E8 /* Products */;
			projectDirPath = "";
			projectRoot = "";
			targets = (
				9C19D3A22487589A005F64E8 /* Set */,
			);
		};
/* End PBXProject section */

/* Begin PBXResourcesBuildPhase section */
		9C19D3A12487589A005F64E8 /* Resources */ = {
			isa = PBXResourcesBuildPhase;
			buildActionMask = 2147483647;
			files = (
				9C19D3B32487589B005F64E8 /* LaunchScreen.storyboard in Resources */,
				9C19D3B02487589B005F64E8 /* Assets.xcassets in Resources */,
				9C19D3AE2487589A005F64E8 /* Main.storyboard in Resources */,
			);
			runOnlyForDeploymentPostprocessing = 0;
		};
/* End PBXResourcesBuildPhase section */

/* Begin PBXSourcesBuildPhase section */
		9C19D39F2487589A005F64E8 /* Sources */ = {
			isa = PBXSourcesBuildPhase;
			buildActionMask = 2147483647;
			files = (
				9CA4532D248879FB00FA35A7 /* SetGame.swift in Sources */,
				9C19D3BE2487DDAB005F64E8 /* AppDelegate.swift in Sources */,
				9C19D3AB2487589A005F64E8 /* ViewController.swift in Sources */,
				9C19D3C02487DDB2005F64E8 /* SceneDelegate.swift in Sources */,
				9CA4532B248879EE00FA35A7 /* Card.swift in Sources */,
			);
			runOnlyForDeploymentPostprocessing = 0;
		};
/* End PBXSourcesBuildPhase section */

/* Begin PBXVariantGroup section */
		9C19D3AC2487589A005F64E8 /* Main.storyboard */ = {
			isa = PBXVariantGroup;
			children = (
				9C19D3AD2487589A005F64E8 /* Base */,
			);
			name = Main.storyboard;
			sourceTree = "<group>";
		};
		9C19D3B12487589B005F64E8 /* LaunchScreen.storyboard */ = {
			isa = PBXVariantGroup;
			children = (
				9C19D3B22487589B005F64E8 /* Base */,
			);
			name = LaunchScreen.storyboard;
			sourceTree = "<group>";
		};
/* End PBXVariantGroup section */

/* Begin XCBuildConfiguration section */
		9C19D3B52487589B005F64E8 /* Debug */ = {
			isa = XCBuildConfiguration;
			buildSettings = {
				ALWAYS_SEARCH_USER_PATHS = NO;
				CLANG_ANALYZER_NONNULL = YES;
				CLANG_ANALYZER_NUMBER_OBJECT_CONVERSION = YES_AGGRESSIVE;
				CLANG_CXX_LANGUAGE_STANDARD = "gnu++14";
				CLANG_CXX_LIBRARY = "libc++";
				CLANG_ENABLE_MODULES = YES;
				CLANG_ENABLE_OBJC_ARC = YES;
				CLANG_ENABLE_OBJC_WEAK = YES;
				CLANG_WARN_BLOCK_CAPTURE_AUTORELEASING = YES;
				CLANG_WARN_BOOL_CONVERSION = YES;
				CLANG_WARN_COMMA = YES;
				CLANG_WARN_CONSTANT_CONVERSION = YES;
				CLANG_WARN_DEPRECATED_OBJC_IMPLEMENTATIONS = YES;
				CLANG_WARN_DIRECT_OBJC_ISA_USAGE = YES_ERROR;
				CLANG_WARN_DOCUMENTATION_COMMENTS = YES;
				CLANG_WARN_EMPTY_BODY = YES;
				CLANG_WARN_ENUM_CONVERSION = YES;
				CLANG_WARN_INFINITE_RECURSION = YES;
				CLANG_WARN_INT_CONVERSION = YES;
				CLANG_WARN_NON_LITERAL_NULL_CONVERSION = YES;
				CLANG_WARN_OBJC_IMPLICIT_RETAIN_SELF = YES;
				CLANG_WARN_OBJC_LITERAL_CONVERSION = YES;
				CLANG_WARN_OBJC_ROOT_CLASS = YES_ERROR;
				CLANG_WARN_RANGE_LOOP_ANALYSIS = YES;
				CLANG_WARN_STRICT_PROTOTYPES = YES;
				CLANG_WARN_SUSPICIOUS_MOVE = YES;
				CLANG_WARN_UNGUARDED_AVAILABILITY = YES_AGGRESSIVE;
				CLANG_WARN_UNREACHABLE_CODE = YES;
				CLANG_WARN__DUPLICATE_METHOD_MATCH = YES;
				COPY_PHASE_STRIP = NO;
				DEBUG_INFORMATION_FORMAT = dwarf;
				ENABLE_STRICT_OBJC_MSGSEND = YES;
				ENABLE_TESTABILITY = YES;
				GCC_C_LANGUAGE_STANDARD = gnu11;
				GCC_DYNAMIC_NO_PIC = NO;
				GCC_NO_COMMON_BLOCKS = YES;
				GCC_OPTIMIZATION_LEVEL = 0;
				GCC_PREPROCESSOR_DEFINITIONS = (
					"DEBUG=1",
					"$(inherited)",
				);
				GCC_WARN_64_TO_32_BIT_CONVERSION = YES;
				GCC_WARN_ABOUT_RETURN_TYPE = YES_ERROR;
				GCC_WARN_UNDECLARED_SELECTOR = YES;
				GCC_WARN_UNINITIALIZED_AUTOS = YES_AGGRESSIVE;
				GCC_WARN_UNUSED_FUNCTION = YES;
				GCC_WARN_UNUSED_VARIABLE = YES;
				IPHONEOS_DEPLOYMENT_TARGET = 13.4;
				MTL_ENABLE_DEBUG_INFO = INCLUDE_SOURCE;
				MTL_FAST_MATH = YES;
				ONLY_ACTIVE_ARCH = YES;
				SDKROOT = iphoneos;
				SWIFT_ACTIVE_COMPILATION_CONDITIONS = DEBUG;
				SWIFT_OPTIMIZATION_LEVEL = "-Onone";
			};
			name = Debug;
		};
		9C19D3B62487589B005F64E8 /* Release */ = {
			isa = XCBuildConfiguration;
			buildSettings = {
				ALWAYS_SEARCH_USER_PATHS = NO;
				CLANG_ANALYZER_NONNULL = YES;
				CLANG_ANALYZER_NUMBER_OBJECT_CONVERSION = YES_AGGRESSIVE;
				CLANG_CXX_LANGUAGE_STANDARD = "gnu++14";
				CLANG_CXX_LIBRARY = "libc++";
				CLANG_ENABLE_MODULES = YES;
				CLANG_ENABLE_OBJC_ARC = YES;
				CLANG_ENABLE_OBJC_WEAK = YES;
				CLANG_WARN_BLOCK_CAPTURE_AUTORELEASING = YES;
				CLANG_WARN_BOOL_CONVERSION = YES;
				CLANG_WARN_COMMA = YES;
				CLANG_WARN_CONSTANT_CONVERSION = YES;
				CLANG_WARN_DEPRECATED_OBJC_IMPLEMENTATIONS = YES;
				CLANG_WARN_DIRECT_OBJC_ISA_USAGE = YES_ERROR;
				CLANG_WARN_DOCUMENTATION_COMMENTS = YES;
				CLANG_WARN_EMPTY_BODY = YES;
				CLANG_WARN_ENUM_CONVERSION = YES;
				CLANG_WARN_INFINITE_RECURSION = YES;
				CLANG_WARN_INT_CONVERSION = YES;
				CLANG_WARN_NON_LITERAL_NULL_CONVERSION = YES;
				CLANG_WARN_OBJC_IMPLICIT_RETAIN_SELF = YES;
				CLANG_WARN_OBJC_LITERAL_CONVERSION = YES;
				CLANG_WARN_OBJC_ROOT_CLASS = YES_ERROR;
				CLANG_WARN_RANGE_LOOP_ANALYSIS = YES;
				CLANG_WARN_STRICT_PROTOTYPES = YES;
				CLANG_WARN_SUSPICIOUS_MOVE = YES;
				CLANG_WARN_UNGUARDED_AVAILABILITY = YES_AGGRESSIVE;
				CLANG_WARN_UNREACHABLE_CODE = YES;
				CLANG_WARN__DUPLICATE_METHOD_MATCH = YES;
				COPY_PHASE_STRIP = NO;
				DEBUG_INFORMATION_FORMAT = "dwarf-with-dsym";
				ENABLE_NS_ASSERTIONS = NO;
				ENABLE_STRICT_OBJC_MSGSEND = YES;
				GCC_C_LANGUAGE_STANDARD = gnu11;
				GCC_NO_COMMON_BLOCKS = YES;
				GCC_WARN_64_TO_32_BIT_CONVERSION = YES;
				GCC_WARN_ABOUT_RETURN_TYPE = YES_ERROR;
				GCC_WARN_UNDECLARED_SELECTOR = YES;
				GCC_WARN_UNINITIALIZED_AUTOS = YES_AGGRESSIVE;
				GCC_WARN_UNUSED_FUNCTION = YES;
				GCC_WARN_UNUSED_VARIABLE = YES;
				IPHONEOS_DEPLOYMENT_TARGET = 13.4;
				MTL_ENABLE_DEBUG_INFO = NO;
				MTL_FAST_MATH = YES;
				SDKROOT = iphoneos;
				SWIFT_COMPILATION_MODE = wholemodule;
				SWIFT_OPTIMIZATION_LEVEL = "-O";
				VALIDATE_PRODUCT = YES;
			};
			name = Release;
		};
		9C19D3B82487589B005F64E8 /* Debug */ = {
			isa = XCBuildConfiguration;
			buildSettings = {
				ASSETCATALOG_COMPILER_APPICON_NAME = AppIcon;
				CODE_SIGN_STYLE = Automatic;
				INFOPLIST_FILE = Set/Info.plist;
				LD_RUNPATH_SEARCH_PATHS = (
					"$(inherited)",
					"@executable_path/Frameworks",
				);
				PRODUCT_BUNDLE_IDENTIFIER = com.rustam.Set;
				PRODUCT_NAME = "$(TARGET_NAME)";
				SWIFT_VERSION = 5.0;
				TARGETED_DEVICE_FAMILY = "1,2";
			};
			name = Debug;
		};
		9C19D3B92487589B005F64E8 /* Release */ = {
			isa = XCBuildConfiguration;
			buildSettings = {
				ASSETCATALOG_COMPILER_APPICON_NAME = AppIcon;
				CODE_SIGN_STYLE = Automatic;
				INFOPLIST_FILE = Set/Info.plist;
				LD_RUNPATH_SEARCH_PATHS = (
					"$(inherited)",
					"@executable_path/Frameworks",
				);
				PRODUCT_BUNDLE_IDENTIFIER = com.rustam.Set;
				PRODUCT_NAME = "$(TARGET_NAME)";
				SWIFT_VERSION = 5.0;
				TARGETED_DEVICE_FAMILY = "1,2";
			};
			name = Release;
		};
/* End XCBuildConfiguration section */

/* Begin XCConfigurationList section */
		9C19D39E2487589A005F64E8 /* Build configuration list for PBXProject "Set" */ = {
			isa = XCConfigurationList;
			buildConfigurations = (
				9C19D3B52487589B005F64E8 /* Debug */,
				9C19D3B62487589B005F64E8 /* Release */,
			);
			defaultConfigurationIsVisible = 0;
			defaultConfigurationName = Release;
		};
		9C19D3B72487589B005F64E8 /* Build configuration list for PBXNativeTarget "Set" */ = {
			isa = XCConfigurationList;
			buildConfigurations = (
				9C19D3B82487589B005F64E8 /* Debug */,
				9C19D3B92487589B005F64E8 /* Release */,
			);
			defaultConfigurationIsVisible = 0;
			defaultConfigurationName = Release;
		};
/* End XCConfigurationList section */
	};
	rootObject = 9C19D39B2487589A005F64E8 /* Project object */;
}
