// !$*UTF8*$!
{
	archiveVersion = 1;
	classes = {
	};
	objectVersion = 50;
	objects = {

/* Begin PBXBuildFile section */
		9C24370E248183BA0084E5D7 /* Default-568h@2x.png in Resources */ = {isa = PBXBuildFile; fileRef = 9C24370D248183BA0084E5D7 /* Default-568h@2x.png */; };
		9C3599E924730DA1003D9954 /* AppDelegate.swift in Sources */ = {isa = PBXBuildFile; fileRef = 9C3599E824730DA1003D9954 /* AppDelegate.swift */; };
		9C3599EB24730DA1003D9954 /* SceneDelegate.swift in Sources */ = {isa = PBXBuildFile; fileRef = 9C3599EA24730DA1003D9954 /* SceneDelegate.swift */; };
		9C3599ED24730DA1003D9954 /* ViewController.swift in Sources */ = {isa = PBXBuildFile; fileRef = 9C3599EC24730DA1003D9954 /* ViewController.swift */; };
		9C3599F024730DA1003D9954 /* Main.storyboard in Resources */ = {isa = PBXBuildFile; fileRef = 9C3599EE24730DA1003D9954 /* Main.storyboard */; };
		9C3599F224730DAF003D9954 /* Assets.xcassets in Resources */ = {isa = PBXBuildFile; fileRef = 9C3599F124730DAF003D9954 /* Assets.xcassets */; };
		9C3599F524730DAF003D9954 /* LaunchScreen.storyboard in Resources */ = {isa = PBXBuildFile; fileRef = 9C3599F324730DAF003D9954 /* LaunchScreen.storyboard */; };
		9C3599FD24746952003D9954 /* Concentration.swift in Sources */ = {isa = PBXBuildFile; fileRef = 9C3599FC24746952003D9954 /* Concentration.swift */; };
		9C3599FF24746960003D9954 /* Card.swift in Sources */ = {isa = PBXBuildFile; fileRef = 9C3599FE24746960003D9954 /* Card.swift */; };
		9CD9556C24817959003F07DD /* GameThemes.swift in Sources */ = {isa = PBXBuildFile; fileRef = 9CD9556B24817959003F07DD /* GameThemes.swift */; };
/* End PBXBuildFile section */

/* Begin PBXFileReference section */
		9C24370D248183BA0084E5D7 /* Default-568h@2x.png */ = {isa = PBXFileReference; lastKnownFileType = image.png; path = "Default-568h@2x.png"; sourceTree = "<group>"; };
		9C3599E524730DA1003D9954 /* Concentration.app */ = {isa = PBXFileReference; explicitFileType = wrapper.application; includeInIndex = 0; path = Concentration.app; sourceTree = BUILT_PRODUCTS_DIR; };
		9C3599E824730DA1003D9954 /* AppDelegate.swift */ = {isa = PBXFileReference; lastKnownFileType = sourcecode.swift; path = AppDelegate.swift; sourceTree = "<group>"; };
		9C3599EA24730DA1003D9954 /* SceneDelegate.swift */ = {isa = PBXFileReference; lastKnownFileType = sourcecode.swift; path = SceneDelegate.swift; sourceTree = "<group>"; };
		9C3599EC24730DA1003D9954 /* ViewController.swift */ = {isa = PBXFileReference; lastKnownFileType = sourcecode.swift; path = ViewController.swift; sourceTree = "<group>"; };
		9C3599EF24730DA1003D9954 /* Base */ = {isa = PBXFileReference; lastKnownFileType = file.storyboard; name = Base; path = Base.lproj/Main.storyboard; sourceTree = "<group>"; };
		9C3599F124730DAF003D9954 /* Assets.xcassets */ = {isa = PBXFileReference; lastKnownFileType = folder.assetcatalog; path = Assets.xcassets; sourceTree = "<group>"; };
		9C3599F424730DAF003D9954 /* Base */ = {isa = PBXFileReference; lastKnownFileType = file.storyboard; name = Base; path = Base.lproj/LaunchScreen.storyboard; sourceTree = "<group>"; };
		9C3599F624730DAF003D9954 /* Info.plist */ = {isa = PBXFileReference; lastKnownFileType = text.plist.xml; path = Info.plist; sourceTree = "<group>"; };
		9C3599FC24746952003D9954 /* Concentration.swift */ = {isa = PBXFileReference; lastKnownFileType = sourcecode.swift; path = Concentration.swift; sourceTree = "<group>"; };
		9C3599FE24746960003D9954 /* Card.swift */ = {isa = PBXFileReference; lastKnownFileType = sourcecode.swift; path = Card.swift; sourceTree = "<group>"; };
		9CD9556B24817959003F07DD /* GameThemes.swift */ = {isa = PBXFileReference; lastKnownFileType = sourcecode.swift; path = GameThemes.swift; sourceTree = "<group>"; };
/* End PBXFileReference section */

/* Begin PBXFrameworksBuildPhase section */
		9C3599E224730DA1003D9954 /* Frameworks */ = {
			isa = PBXFrameworksBuildPhase;
			buildActionMask = 2147483647;
			files = (
			);
			runOnlyForDeploymentPostprocessing = 0;
		};
/* End PBXFrameworksBuildPhase section */

/* Begin PBXGroup section */
		9C3599DC24730DA1003D9954 = {
			isa = PBXGroup;
			children = (
				9C24370D248183BA0084E5D7 /* Default-568h@2x.png */,
				9C3599E724730DA1003D9954 /* Concentration */,
				9C3599E624730DA1003D9954 /* Products */,
			);
			sourceTree = "<group>";
		};
		9C3599E624730DA1003D9954 /* Products */ = {
			isa = PBXGroup;
			children = (
				9C3599E524730DA1003D9954 /* Concentration.app */,
			);
			name = Products;
			sourceTree = "<group>";
		};
		9C3599E724730DA1003D9954 /* Concentration */ = {
			isa = PBXGroup;
			children = (
				9C3599E824730DA1003D9954 /* AppDelegate.swift */,
				9C3599EA24730DA1003D9954 /* SceneDelegate.swift */,
				9C3599EC24730DA1003D9954 /* ViewController.swift */,
				9CD9556B24817959003F07DD /* GameThemes.swift */,
				9C3599EE24730DA1003D9954 /* Main.storyboard */,
				9C3599FC24746952003D9954 /* Concentration.swift */,
				9C3599FE24746960003D9954 /* Card.swift */,
				9C3599F124730DAF003D9954 /* Assets.xcassets */,
				9C3599F324730DAF003D9954 /* LaunchScreen.storyboard */,
				9C3599F624730DAF003D9954 /* Info.plist */,
			);
			path = Concentration;
			sourceTree = "<group>";
		};
/* End PBXGroup section */

/* Begin PBXNativeTarget section */
		9C3599E424730DA1003D9954 /* Concentration */ = {
			isa = PBXNativeTarget;
			buildConfigurationList = 9C3599F924730DAF003D9954 /* Build configuration list for PBXNativeTarget "Concentration" */;
			buildPhases = (
				9C3599E124730DA1003D9954 /* Sources */,
				9C3599E224730DA1003D9954 /* Frameworks */,
				9C3599E324730DA1003D9954 /* Resources */,
			);
			buildRules = (
			);
			dependencies = (
			);
			name = Concentration;
			productName = "Stanford IOS";
			productReference = 9C3599E524730DA1003D9954 /* Concentration.app */;
			productType = "com.apple.product-type.application";
		};
/* End PBXNativeTarget section */

/* Begin PBXProject section */
		9C3599DD24730DA1003D9954 /* Project object */ = {
			isa = PBXProject;
			attributes = {
				LastSwiftUpdateCheck = 1140;
				LastUpgradeCheck = 1140;
				ORGANIZATIONNAME = "Rustam-Deniz";
				TargetAttributes = {
					9C3599E424730DA1003D9954 = {
						CreatedOnToolsVersion = 11.4.1;
					};
				};
			};
			buildConfigurationList = 9C3599E024730DA1003D9954 /* Build configuration list for PBXProject "Concentration" */;
			compatibilityVersion = "Xcode 9.3";
			developmentRegion = en;
			hasScannedForEncodings = 0;
			knownRegions = (
				en,
				Base,
			);
			mainGroup = 9C3599DC24730DA1003D9954;
			productRefGroup = 9C3599E624730DA1003D9954 /* Products */;
			projectDirPath = "";
			projectRoot = "";
			targets = (
				9C3599E424730DA1003D9954 /* Concentration */,
			);
		};
/* End PBXProject section */

/* Begin PBXResourcesBuildPhase section */
		9C3599E324730DA1003D9954 /* Resources */ = {
			isa = PBXResourcesBuildPhase;
			buildActionMask = 2147483647;
			files = (
				9C3599F524730DAF003D9954 /* LaunchScreen.storyboard in Resources */,
				9C24370E248183BA0084E5D7 /* Default-568h@2x.png in Resources */,
				9C3599F224730DAF003D9954 /* Assets.xcassets in Resources */,
				9C3599F024730DA1003D9954 /* Main.storyboard in Resources */,
			);
			runOnlyForDeploymentPostprocessing = 0;
		};
/* End PBXResourcesBuildPhase section */

/* Begin PBXSourcesBuildPhase section */
		9C3599E124730DA1003D9954 /* Sources */ = {
			isa = PBXSourcesBuildPhase;
			buildActionMask = 2147483647;
			files = (
				9C3599ED24730DA1003D9954 /* ViewController.swift in Sources */,
				9CD9556C24817959003F07DD /* GameThemes.swift in Sources */,
				9C3599FD24746952003D9954 /* Concentration.swift in Sources */,
				9C3599FF24746960003D9954 /* Card.swift in Sources */,
				9C3599E924730DA1003D9954 /* AppDelegate.swift in Sources */,
				9C3599EB24730DA1003D9954 /* SceneDelegate.swift in Sources */,
			);
			runOnlyForDeploymentPostprocessing = 0;
		};
/* End PBXSourcesBuildPhase section */

/* Begin PBXVariantGroup section */
		9C3599EE24730DA1003D9954 /* Main.storyboard */ = {
			isa = PBXVariantGroup;
			children = (
				9C3599EF24730DA1003D9954 /* Base */,
			);
			name = Main.storyboard;
			sourceTree = "<group>";
		};
		9C3599F324730DAF003D9954 /* LaunchScreen.storyboard */ = {
			isa = PBXVariantGroup;
			children = (
				9C3599F424730DAF003D9954 /* Base */,
			);
			name = LaunchScreen.storyboard;
			sourceTree = "<group>";
		};
/* End PBXVariantGroup section */

/* Begin XCBuildConfiguration section */
		9C3599F724730DAF003D9954 /* Debug */ = {
			isa = XCBuildConfiguration;
			buildSettings = {
				ALWAYS_SEARCH_USER_PATHS = NO;
				CLANG_ANALYZER_NONNULL = YES;
				CLANG_ANALYZER_NUMBER_OBJECT_CONVERSION = YES_AGGRESSIVE;
				CLANG_CXX_LANGUAGE_STANDARD = "gnu++14";
				CLANG_CXX_LIBRARY = "libc++";
				CLANG_ENABLE_MODULES = YES;
				CLANG_ENABLE_OBJC_ARC = YES;
				CLANG_ENABLE_OBJC_WEAK = YES;
				CLANG_WARN_BLOCK_CAPTURE_AUTORELEASING = YES;
				CLANG_WARN_BOOL_CONVERSION = YES;
				CLANG_WARN_COMMA = YES;
				CLANG_WARN_CONSTANT_CONVERSION = YES;
				CLANG_WARN_DEPRECATED_OBJC_IMPLEMENTATIONS = YES;
				CLANG_WARN_DIRECT_OBJC_ISA_USAGE = YES_ERROR;
				CLANG_WARN_DOCUMENTATION_COMMENTS = YES;
				CLANG_WARN_EMPTY_BODY = YES;
				CLANG_WARN_ENUM_CONVERSION = YES;
				CLANG_WARN_INFINITE_RECURSION = YES;
				CLANG_WARN_INT_CONVERSION = YES;
				CLANG_WARN_NON_LITERAL_NULL_CONVERSION = YES;
				CLANG_WARN_OBJC_IMPLICIT_RETAIN_SELF = YES;
				CLANG_WARN_OBJC_LITERAL_CONVERSION = YES;
				CLANG_WARN_OBJC_ROOT_CLASS = YES_ERROR;
				CLANG_WARN_RANGE_LOOP_ANALYSIS = YES;
				CLANG_WARN_STRICT_PROTOTYPES = YES;
				CLANG_WARN_SUSPICIOUS_MOVE = YES;
				CLANG_WARN_UNGUARDED_AVAILABILITY = YES_AGGRESSIVE;
				CLANG_WARN_UNREACHABLE_CODE = YES;
				CLANG_WARN__DUPLICATE_METHOD_MATCH = YES;
				COPY_PHASE_STRIP = NO;
				DEBUG_INFORMATION_FORMAT = dwarf;
				ENABLE_STRICT_OBJC_MSGSEND = YES;
				ENABLE_TESTABILITY = YES;
				GCC_C_LANGUAGE_STANDARD = gnu11;
				GCC_DYNAMIC_NO_PIC = NO;
				GCC_NO_COMMON_BLOCKS = YES;
				GCC_OPTIMIZATION_LEVEL = 0;
				GCC_PREPROCESSOR_DEFINITIONS = (
					"DEBUG=1",
					"$(inherited)",
				);
				GCC_WARN_64_TO_32_BIT_CONVERSION = YES;
				GCC_WARN_ABOUT_RETURN_TYPE = YES_ERROR;
				GCC_WARN_UNDECLARED_SELECTOR = YES;
				GCC_WARN_UNINITIALIZED_AUTOS = YES_AGGRESSIVE;
				GCC_WARN_UNUSED_FUNCTION = YES;
				GCC_WARN_UNUSED_VARIABLE = YES;
				IPHONEOS_DEPLOYMENT_TARGET = 13.4;
				MTL_ENABLE_DEBUG_INFO = INCLUDE_SOURCE;
				MTL_FAST_MATH = YES;
				ONLY_ACTIVE_ARCH = YES;
				SDKROOT = iphoneos;
				SWIFT_ACTIVE_COMPILATION_CONDITIONS = DEBUG;
				SWIFT_OPTIMIZATION_LEVEL = "-Onone";
			};
			name = Debug;
		};
		9C3599F824730DAF003D9954 /* Release */ = {
			isa = XCBuildConfiguration;
			buildSettings = {
				ALWAYS_SEARCH_USER_PATHS = NO;
				CLANG_ANALYZER_NONNULL = YES;
				CLANG_ANALYZER_NUMBER_OBJECT_CONVERSION = YES_AGGRESSIVE;
				CLANG_CXX_LANGUAGE_STANDARD = "gnu++14";
				CLANG_CXX_LIBRARY = "libc++";
				CLANG_ENABLE_MODULES = YES;
				CLANG_ENABLE_OBJC_ARC = YES;
				CLANG_ENABLE_OBJC_WEAK = YES;
				CLANG_WARN_BLOCK_CAPTURE_AUTORELEASING = YES;
				CLANG_WARN_BOOL_CONVERSION = YES;
				CLANG_WARN_COMMA = YES;
				CLANG_WARN_CONSTANT_CONVERSION = YES;
				CLANG_WARN_DEPRECATED_OBJC_IMPLEMENTATIONS = YES;
				CLANG_WARN_DIRECT_OBJC_ISA_USAGE = YES_ERROR;
				CLANG_WARN_DOCUMENTATION_COMMENTS = YES;
				CLANG_WARN_EMPTY_BODY = YES;
				CLANG_WARN_ENUM_CONVERSION = YES;
				CLANG_WARN_INFINITE_RECURSION = YES;
				CLANG_WARN_INT_CONVERSION = YES;
				CLANG_WARN_NON_LITERAL_NULL_CONVERSION = YES;
				CLANG_WARN_OBJC_IMPLICIT_RETAIN_SELF = YES;
				CLANG_WARN_OBJC_LITERAL_CONVERSION = YES;
				CLANG_WARN_OBJC_ROOT_CLASS = YES_ERROR;
				CLANG_WARN_RANGE_LOOP_ANALYSIS = YES;
				CLANG_WARN_STRICT_PROTOTYPES = YES;
				CLANG_WARN_SUSPICIOUS_MOVE = YES;
				CLANG_WARN_UNGUARDED_AVAILABILITY = YES_AGGRESSIVE;
				CLANG_WARN_UNREACHABLE_CODE = YES;
				CLANG_WARN__DUPLICATE_METHOD_MATCH = YES;
				COPY_PHASE_STRIP = NO;
				DEBUG_INFORMATION_FORMAT = "dwarf-with-dsym";
				ENABLE_NS_ASSERTIONS = NO;
				ENABLE_STRICT_OBJC_MSGSEND = YES;
				GCC_C_LANGUAGE_STANDARD = gnu11;
				GCC_NO_COMMON_BLOCKS = YES;
				GCC_WARN_64_TO_32_BIT_CONVERSION = YES;
				GCC_WARN_ABOUT_RETURN_TYPE = YES_ERROR;
				GCC_WARN_UNDECLARED_SELECTOR = YES;
				GCC_WARN_UNINITIALIZED_AUTOS = YES_AGGRESSIVE;
				GCC_WARN_UNUSED_FUNCTION = YES;
				GCC_WARN_UNUSED_VARIABLE = YES;
				IPHONEOS_DEPLOYMENT_TARGET = 13.4;
				MTL_ENABLE_DEBUG_INFO = NO;
				MTL_FAST_MATH = YES;
				SDKROOT = iphoneos;
				SWIFT_COMPILATION_MODE = wholemodule;
				SWIFT_OPTIMIZATION_LEVEL = "-O";
				VALIDATE_PRODUCT = YES;
			};
			name = Release;
		};
		9C3599FA24730DAF003D9954 /* Debug */ = {
			isa = XCBuildConfiguration;
			buildSettings = {
				ASSETCATALOG_COMPILER_APPICON_NAME = AppIcon;
				CODE_SIGN_IDENTITY = "Apple Development";
				CODE_SIGN_STYLE = Manual;
				DEVELOPMENT_TEAM = "";
				INFOPLIST_FILE = Concentration/Info.plist;
				LD_RUNPATH_SEARCH_PATHS = (
					"$(inherited)",
					"@executable_path/Frameworks",
				);
				PRODUCT_BUNDLE_IDENTIFIER = "com.rustam.Stanford-IOS";
				PRODUCT_NAME = Concentration;
				PROVISIONING_PROFILE_SPECIFIER = "";
				SWIFT_VERSION = 5.0;
				TARGETED_DEVICE_FAMILY = "1,2";
			};
			name = Debug;
		};
		9C3599FB24730DAF003D9954 /* Release */ = {
			isa = XCBuildConfiguration;
			buildSettings = {
				ASSETCATALOG_COMPILER_APPICON_NAME = AppIcon;
				CODE_SIGN_IDENTITY = "Apple Development";
				CODE_SIGN_STYLE = Manual;
				DEVELOPMENT_TEAM = "";
				INFOPLIST_FILE = Concentration/Info.plist;
				LD_RUNPATH_SEARCH_PATHS = (
					"$(inherited)",
					"@executable_path/Frameworks",
				);
				PRODUCT_BUNDLE_IDENTIFIER = "com.rustam.Stanford-IOS";
				PRODUCT_NAME = Concentration;
				PROVISIONING_PROFILE_SPECIFIER = "";
				SWIFT_VERSION = 5.0;
				TARGETED_DEVICE_FAMILY = "1,2";
			};
			name = Release;
		};
/* End XCBuildConfiguration section */

/* Begin XCConfigurationList section */
		9C3599E024730DA1003D9954 /* Build configuration list for PBXProject "Concentration" */ = {
			isa = XCConfigurationList;
			buildConfigurations = (
				9C3599F724730DAF003D9954 /* Debug */,
				9C3599F824730DAF003D9954 /* Release */,
			);
			defaultConfigurationIsVisible = 0;
			defaultConfigurationName = Release;
		};
		9C3599F924730DAF003D9954 /* Build configuration list for PBXNativeTarget "Concentration" */ = {
			isa = XCConfigurationList;
			buildConfigurations = (
				9C3599FA24730DAF003D9954 /* Debug */,
				9C3599FB24730DAF003D9954 /* Release */,
			);
			defaultConfigurationIsVisible = 0;
			defaultConfigurationName = Release;
		};
/* End XCConfigurationList section */
	};
	rootObject = 9C3599DD24730DA1003D9954 /* Project object */;
}
